
Microsoft Visual Studio Solution File, Format Version 12.00
# Visual Studio Version 17
VisualStudioVersion = 17.11.35222.181
MinimumVisualStudioVersion = 10.0.40219.1
Project("{FAE04EC0-301F-11D3-BF4B-00C04F79EFBC}") = "DeffinityManager", "DeffinityManager\DeffinityManager.csproj", "{C6B303C2-294F-475C-95F9-EF6908482840}"
EndProject
Project("{FAE04EC0-301F-11D3-BF4B-00C04F79EFBC}") = "DeffinityAppDev", "DeffinityAppDev\DeffinityAppDev.csproj", "{C73CABA9-5F87-44CE-8DE3-63613B526B4F}"
EndProject
Project("{2150E333-8FDC-42A3-9474-1A3956D46DE8}") = ".nuget", ".nuget", "{D58F54C7-8AF2-4E76-B3CA-7FEF4E4B514D}"
	ProjectSection(SolutionItems) = preProject
		.nuget\NuGet.Config = .nuget\NuGet.Config
		.nuget\NuGet.exe = .nuget\NuGet.exe
		.nuget\NuGet.targets = .nuget\NuGet.targets
	EndProjectSection
EndProject
Project("{FAE04EC0-301F-11D3-BF4B-00C04F79EFBC}") = "DeffinityAppAdmin", "DeffinityAppAdmin\DeffinityAppAdmin.csproj", "{6EC6C138-5714-4583-B89B-7F41C8B55F97}"
EndProject
Global
	GlobalSection(SolutionConfigurationPlatforms) = preSolution
		Debug|Any CPU = Debug|Any CPU
		Debug|x86 = Debug|x86
		Release|Any CPU = Release|Any CPU
		Release|x86 = Release|x86
	EndGlobalSection
	GlobalSection(ProjectConfigurationPlatforms) = postSolution
		{C6B303C2-294F-475C-95F9-EF6908482840}.Debug|Any CPU.ActiveCfg = Debug|Any CPU
		{C6B303C2-294F-475C-95F9-EF6908482840}.Debug|Any CPU.Build.0 = Debug|Any CPU
		{C6B303C2-294F-475C-95F9-EF6908482840}.Debug|x86.ActiveCfg = Debug|x86
		{C6B303C2-294F-475C-95F9-EF6908482840}.Debug|x86.Build.0 = Debug|x86
		{C6B303C2-294F-475C-95F9-EF6908482840}.Release|Any CPU.ActiveCfg = Release|Any CPU
		{C6B303C2-294F-475C-95F9-EF6908482840}.Release|Any CPU.Build.0 = Release|Any CPU
		{C6B303C2-294F-475C-95F9-EF6908482840}.Release|x86.ActiveCfg = Release|x86
		{C6B303C2-294F-475C-95F9-EF6908482840}.Release|x86.Build.0 = Release|x86
		{C73CABA9-5F87-44CE-8DE3-63613B526B4F}.Debug|Any CPU.ActiveCfg = Debug|Any CPU
		{C73CABA9-5F87-44CE-8DE3-63613B526B4F}.Debug|Any CPU.Build.0 = Debug|Any CPU
		{C73CABA9-5F87-44CE-8DE3-63613B526B4F}.Debug|x86.ActiveCfg = Debug|x86
		{C73CABA9-5F87-44CE-8DE3-63613B526B4F}.Debug|x86.Build.0 = Debug|x86
		{C73CABA9-5F87-44CE-8DE3-63613B526B4F}.Release|Any CPU.ActiveCfg = Release|Any CPU
		{C73CABA9-5F87-44CE-8DE3-63613B526B4F}.Release|Any CPU.Build.0 = Release|Any CPU
		{C73CABA9-5F87-44CE-8DE3-63613B526B4F}.Release|x86.ActiveCfg = Release|x86
		{C73CABA9-5F87-44CE-8DE3-63613B526B4F}.Release|x86.Build.0 = Release|x86
		{6EC6C138-5714-4583-B89B-7F41C8B55F97}.Debug|Any CPU.ActiveCfg = Debug|Any CPU
		{6EC6C138-5714-4583-B89B-7F41C8B55F97}.Debug|Any CPU.Build.0 = Debug|Any CPU
		{6EC6C138-5714-4583-B89B-7F41C8B55F97}.Debug|x86.ActiveCfg = Debug|Any CPU
		{6EC6C138-5714-4583-B89B-7F41C8B55F97}.Debug|x86.Build.0 = Debug|Any CPU
		{6EC6C138-5714-4583-B89B-7F41C8B55F97}.Release|Any CPU.ActiveCfg = Release|Any CPU
		{6EC6C138-5714-4583-B89B-7F41C8B55F97}.Release|Any CPU.Build.0 = Release|Any CPU
		{6EC6C138-5714-4583-B89B-7F41C8B55F97}.Release|x86.ActiveCfg = Release|Any CPU
		{6EC6C138-5714-4583-B89B-7F41C8B55F97}.Release|x86.Build.0 = Release|Any CPU
	EndGlobalSection
	GlobalSection(SolutionProperties) = preSolution
		HideSolutionNode = FALSE
	EndGlobalSection
	GlobalSection(ExtensibilityGlobals) = postSolution
		SolutionGuid = {AEFAD8DB-6709-4929-A86B-65AC21F90D18}
	EndGlobalSection
EndGlobal
